<Solution>
  <Folder Name="/Solution Items/">
    <File Path=".editorconfig" />
    <File Path="Directory.Build.props" />
    <File Path="Directory.Build.targets" />
    <File Path="Directory.Packages.props" />
  </Folder>
  <Folder Name="/Solution Items/.github/" />
  <Folder Name="/Solution Items/.github/workflows/">
    <File Path="../.github/workflows/ci-testNugut.yaml" />
  </Folder>
  <Project Path="Test.NuGet.Secrests/Test.NuGet.Secrets.csproj" />
</Solution>
